// !$*UTF8*$!
{
	archiveVersion = 1;
	classes = {
	};
	objectVersion = 56;
	objects = {

/* Begin PBXBuildFile section */
		D00F45DE2A95027E006E99C4 /* StepsViewModel.swift in Sources */ = {isa = PBXBuildFile; fileRef = D00F45DD2A95027E006E99C4 /* StepsViewModel.swift */; };
		D03EE3A82A962B1600B25257 /* StepsModel.swift in Sources */ = {isa = PBXBuildFile; fileRef = D03EE3A72A962B1600B25257 /* StepsModel.swift */; };
		D03EE3AA2A962B5200B25257 /* CarloriesModel.swift in Sources */ = {isa = PBXBuildFile; fileRef = D03EE3A92A962B5200B25257 /* CarloriesModel.swift */; };
		D03EE3AC2A962B7700B25257 /* CaloriesViewModel.swift in Sources */ = {isa = PBXBuildFile; fileRef = D03EE3AB2A962B7700B25257 /* CaloriesViewModel.swift */; };
		D03EE3AE2A96B4BE00B25257 /* TodaysDetailsView.swift in Sources */ = {isa = PBXBuildFile; fileRef = D03EE3AD2A96B4BE00B25257 /* TodaysDetailsView.swift */; };
		D07378F32AA2A74400D51C8B /* WaterModel.swift in Sources */ = {isa = PBXBuildFile; fileRef = D07378F22AA2A74400D51C8B /* WaterModel.swift */; };
		D07E93B82A7B0C8B00102BF6 /* HydrateApp.swift in Sources */ = {isa = PBXBuildFile; fileRef = D07E93B72A7B0C8B00102BF6 /* HydrateApp.swift */; };
		D07E93BA2A7B0C8B00102BF6 /* ContentView.swift in Sources */ = {isa = PBXBuildFile; fileRef = D07E93B92A7B0C8B00102BF6 /* ContentView.swift */; };
		D07E93BC2A7B0C9100102BF6 /* Assets.xcassets in Resources */ = {isa = PBXBuildFile; fileRef = D07E93BB2A7B0C9100102BF6 /* Assets.xcassets */; };
		D07E93BF2A7B0C9100102BF6 /* Preview Assets.xcassets in Resources */ = {isa = PBXBuildFile; fileRef = D07E93BE2A7B0C9100102BF6 /* Preview Assets.xcassets */; };
		D07E93C62A7B0CD100102BF6 /* SplashScreenView.swift in Sources */ = {isa = PBXBuildFile; fileRef = D07E93C52A7B0CD100102BF6 /* SplashScreenView.swift */; };
		D08C18AA2A83A463004242A7 /* ManView.swift in Sources */ = {isa = PBXBuildFile; fileRef = D08C18A92A83A463004242A7 /* ManView.swift */; };
		D08C18AC2A8413D0004242A7 /* StepView.swift in Sources */ = {isa = PBXBuildFile; fileRef = D08C18AB2A8413D0004242A7 /* StepView.swift */; };
		D08C18AE2A8417D7004242A7 /* WaterView.swift in Sources */ = {isa = PBXBuildFile; fileRef = D08C18AD2A8417D7004242A7 /* WaterView.swift */; };
		D08C18B02A84DB94004242A7 /* OnboardingModel.swift in Sources */ = {isa = PBXBuildFile; fileRef = D08C18AF2A84DB93004242A7 /* OnboardingModel.swift */; };
		D08C18B22A84DCA9004242A7 /* OnboardView.swift in Sources */ = {isa = PBXBuildFile; fileRef = D08C18B12A84DCA9004242A7 /* OnboardView.swift */; };
		D08C18B42A84E734004242A7 /* AuthenticationView.swift in Sources */ = {isa = PBXBuildFile; fileRef = D08C18B32A84E733004242A7 /* AuthenticationView.swift */; };
		D09B23C22A8D10610034ED51 /* HealthKit.swift in Sources */ = {isa = PBXBuildFile; fileRef = D09B23C12A8D10610034ED51 /* HealthKit.swift */; };
		D0F017DD2A8D5E7F00982AC6 /* HealthActivity.swift in Sources */ = {isa = PBXBuildFile; fileRef = D0F017DC2A8D5E7F00982AC6 /* HealthActivity.swift */; };
		D0F017DF2A8E211800982AC6 /* GoogleService-Info.plist in Resources */ = {isa = PBXBuildFile; fileRef = D0F017DE2A8E211700982AC6 /* GoogleService-Info.plist */; };
		D0F017E22A8E22B800982AC6 /* FirebaseAuth in Frameworks */ = {isa = PBXBuildFile; productRef = D0F017E12A8E22B800982AC6 /* FirebaseAuth */; };
		D0F017E42A8E22B800982AC6 /* FirebaseFirestore in Frameworks */ = {isa = PBXBuildFile; productRef = D0F017E32A8E22B800982AC6 /* FirebaseFirestore */; };
		D0F017E62A8E22B800982AC6 /* FirebaseFirestoreSwift in Frameworks */ = {isa = PBXBuildFile; productRef = D0F017E52A8E22B800982AC6 /* FirebaseFirestoreSwift */; };
		D0F017E92A8E521200982AC6 /* BioAuthView.swift in Sources */ = {isa = PBXBuildFile; fileRef = D0F017E82A8E521200982AC6 /* BioAuthView.swift */; };
		D0F017EB2A8E537500982AC6 /* BioAuthManager.swift in Sources */ = {isa = PBXBuildFile; fileRef = D0F017EA2A8E537500982AC6 /* BioAuthManager.swift */; };
		D0F5186B2AA3E233008E5D14 /* ViewModel.swift in Sources */ = {isa = PBXBuildFile; fileRef = D0F5186A2AA3E233008E5D14 /* ViewModel.swift */; };
		D0F5186F2AA4854A008E5D14 /* User.swift in Sources */ = {isa = PBXBuildFile; fileRef = D0F5186E2AA4854A008E5D14 /* User.swift */; };
		D0F518712AA486B4008E5D14 /* UserViewModel.swift in Sources */ = {isa = PBXBuildFile; fileRef = D0F518702AA486B4008E5D14 /* UserViewModel.swift */; };
		D0F518742AA4994C008E5D14 /* AuthModel.swift in Sources */ = {isa = PBXBuildFile; fileRef = D0F518732AA4994C008E5D14 /* AuthModel.swift */; };
/* End PBXBuildFile section */

/* Begin PBXFileReference section */
		D00F45DD2A95027E006E99C4 /* StepsViewModel.swift */ = {isa = PBXFileReference; lastKnownFileType = sourcecode.swift; path = StepsViewModel.swift; sourceTree = "<group>"; };
		D03EE3A72A962B1600B25257 /* StepsModel.swift */ = {isa = PBXFileReference; lastKnownFileType = sourcecode.swift; path = StepsModel.swift; sourceTree = "<group>"; };
		D03EE3A92A962B5200B25257 /* CarloriesModel.swift */ = {isa = PBXFileReference; lastKnownFileType = sourcecode.swift; path = CarloriesModel.swift; sourceTree = "<group>"; };
		D03EE3AB2A962B7700B25257 /* CaloriesViewModel.swift */ = {isa = PBXFileReference; lastKnownFileType = sourcecode.swift; path = CaloriesViewModel.swift; sourceTree = "<group>"; };
		D03EE3AD2A96B4BE00B25257 /* TodaysDetailsView.swift */ = {isa = PBXFileReference; lastKnownFileType = sourcecode.swift; path = TodaysDetailsView.swift; sourceTree = "<group>"; };
		D07378F22AA2A74400D51C8B /* WaterModel.swift */ = {isa = PBXFileReference; lastKnownFileType = sourcecode.swift; path = WaterModel.swift; sourceTree = "<group>"; };
		D07E93B42A7B0C8B00102BF6 /* Hydrate.app */ = {isa = PBXFileReference; explicitFileType = wrapper.application; includeInIndex = 0; path = Hydrate.app; sourceTree = BUILT_PRODUCTS_DIR; };
		D07E93B72A7B0C8B00102BF6 /* HydrateApp.swift */ = {isa = PBXFileReference; lastKnownFileType = sourcecode.swift; path = HydrateApp.swift; sourceTree = "<group>"; };
		D07E93B92A7B0C8B00102BF6 /* ContentView.swift */ = {isa = PBXFileReference; lastKnownFileType = sourcecode.swift; path = ContentView.swift; sourceTree = "<group>"; };
		D07E93BB2A7B0C9100102BF6 /* Assets.xcassets */ = {isa = PBXFileReference; lastKnownFileType = folder.assetcatalog; path = Assets.xcassets; sourceTree = "<group>"; };
		D07E93BE2A7B0C9100102BF6 /* Preview Assets.xcassets */ = {isa = PBXFileReference; lastKnownFileType = folder.assetcatalog; path = "Preview Assets.xcassets"; sourceTree = "<group>"; };
		D07E93C52A7B0CD100102BF6 /* SplashScreenView.swift */ = {isa = PBXFileReference; lastKnownFileType = sourcecode.swift; path = SplashScreenView.swift; sourceTree = "<group>"; };
		D08C18A92A83A463004242A7 /* ManView.swift */ = {isa = PBXFileReference; lastKnownFileType = sourcecode.swift; path = ManView.swift; sourceTree = "<group>"; };
		D08C18AB2A8413D0004242A7 /* StepView.swift */ = {isa = PBXFileReference; lastKnownFileType = sourcecode.swift; path = StepView.swift; sourceTree = "<group>"; };
		D08C18AD2A8417D7004242A7 /* WaterView.swift */ = {isa = PBXFileReference; lastKnownFileType = sourcecode.swift; path = WaterView.swift; sourceTree = "<group>"; };
		D08C18AF2A84DB93004242A7 /* OnboardingModel.swift */ = {isa = PBXFileReference; lastKnownFileType = sourcecode.swift; path = OnboardingModel.swift; sourceTree = "<group>"; };
		D08C18B12A84DCA9004242A7 /* OnboardView.swift */ = {isa = PBXFileReference; lastKnownFileType = sourcecode.swift; path = OnboardView.swift; sourceTree = "<group>"; };
		D08C18B32A84E733004242A7 /* AuthenticationView.swift */ = {isa = PBXFileReference; lastKnownFileType = sourcecode.swift; path = AuthenticationView.swift; sourceTree = "<group>"; };
		D09B23C12A8D10610034ED51 /* HealthKit.swift */ = {isa = PBXFileReference; lastKnownFileType = sourcecode.swift; path = HealthKit.swift; sourceTree = "<group>"; };
		D09B23C32A8D10AE0034ED51 /* Hydrate.entitlements */ = {isa = PBXFileReference; lastKnownFileType = text.plist.entitlements; path = Hydrate.entitlements; sourceTree = "<group>"; };
		D0F017DC2A8D5E7F00982AC6 /* HealthActivity.swift */ = {isa = PBXFileReference; lastKnownFileType = sourcecode.swift; path = HealthActivity.swift; sourceTree = "<group>"; };
		D0F017DE2A8E211700982AC6 /* GoogleService-Info.plist */ = {isa = PBXFileReference; fileEncoding = 4; lastKnownFileType = text.plist.xml; name = "GoogleService-Info.plist"; path = "../../../../../Downloads/GoogleService-Info.plist"; sourceTree = "<group>"; };
		D0F017E82A8E521200982AC6 /* BioAuthView.swift */ = {isa = PBXFileReference; lastKnownFileType = sourcecode.swift; path = BioAuthView.swift; sourceTree = "<group>"; };
		D0F017EA2A8E537500982AC6 /* BioAuthManager.swift */ = {isa = PBXFileReference; lastKnownFileType = sourcecode.swift; path = BioAuthManager.swift; sourceTree = "<group>"; };
		D0F5186A2AA3E233008E5D14 /* ViewModel.swift */ = {isa = PBXFileReference; lastKnownFileType = sourcecode.swift; path = ViewModel.swift; sourceTree = "<group>"; };
		D0F5186E2AA4854A008E5D14 /* User.swift */ = {isa = PBXFileReference; lastKnownFileType = sourcecode.swift; path = User.swift; sourceTree = "<group>"; };
		D0F518702AA486B4008E5D14 /* UserViewModel.swift */ = {isa = PBXFileReference; lastKnownFileType = sourcecode.swift; path = UserViewModel.swift; sourceTree = "<group>"; };
		D0F518732AA4994C008E5D14 /* AuthModel.swift */ = {isa = PBXFileReference; lastKnownFileType = sourcecode.swift; path = AuthModel.swift; sourceTree = "<group>"; };
/* End PBXFileReference section */

/* Begin PBXFrameworksBuildPhase section */
		D07E93B12A7B0C8B00102BF6 /* Frameworks */ = {
			isa = PBXFrameworksBuildPhase;
			buildActionMask = 2147483647;
			files = (
				D0F017E22A8E22B800982AC6 /* FirebaseAuth in Frameworks */,
				D0F017E42A8E22B800982AC6 /* FirebaseFirestore in Frameworks */,
				D0F017E62A8E22B800982AC6 /* FirebaseFirestoreSwift in Frameworks */,
			);
			runOnlyForDeploymentPostprocessing = 0;
		};
/* End PBXFrameworksBuildPhase section */

/* Begin PBXGroup section */
		D00F45DC2A950261006E99C4 /* ViewModels */ = {
			isa = PBXGroup;
			children = (
				D0F518702AA486B4008E5D14 /* UserViewModel.swift */,
				D0F5186A2AA3E233008E5D14 /* ViewModel.swift */,
				D09B23C12A8D10610034ED51 /* HealthKit.swift */,
				D00F45DD2A95027E006E99C4 /* StepsViewModel.swift */,
				D03EE3AB2A962B7700B25257 /* CaloriesViewModel.swift */,
				D0F518732AA4994C008E5D14 /* AuthModel.swift */,
			);
			path = ViewModels;
			sourceTree = "<group>";
		};
		D07E93AB2A7B0C8B00102BF6 = {
			isa = PBXGroup;
			children = (
				D07E93B62A7B0C8B00102BF6 /* Hydrate */,
				D07E93B52A7B0C8B00102BF6 /* Products */,
			);
			sourceTree = "<group>";
			usesTabs = 0;
		};
		D07E93B52A7B0C8B00102BF6 /* Products */ = {
			isa = PBXGroup;
			children = (
				D07E93B42A7B0C8B00102BF6 /* Hydrate.app */,
			);
			name = Products;
			sourceTree = "<group>";
		};
		D07E93B62A7B0C8B00102BF6 /* Hydrate */ = {
			isa = PBXGroup;
			children = (
				D0F017DE2A8E211700982AC6 /* GoogleService-Info.plist */,
				D09B23C32A8D10AE0034ED51 /* Hydrate.entitlements */,
				D0F518722AA48B0D008E5D14 /* Models */,
				D09B23C02A8D0FDE0034ED51 /* HealthKit */,
				D00F45DC2A950261006E99C4 /* ViewModels */,
				D08C18B62A87C06A004242A7 /* ContentModels */,
				D08C18B52A87C042004242A7 /* ContentViews */,
				D07E93B72A7B0C8B00102BF6 /* HydrateApp.swift */,
				D07E93B92A7B0C8B00102BF6 /* ContentView.swift */,
				D07E93BB2A7B0C9100102BF6 /* Assets.xcassets */,
				D07E93BD2A7B0C9100102BF6 /* Preview Content */,
			);
			path = Hydrate;
			sourceTree = "<group>";
		};
		D07E93BD2A7B0C9100102BF6 /* Preview Content */ = {
			isa = PBXGroup;
			children = (
				D07E93BE2A7B0C9100102BF6 /* Preview Assets.xcassets */,
				D07E93C52A7B0CD100102BF6 /* SplashScreenView.swift */,
			);
			path = "Preview Content";
			sourceTree = "<group>";
		};
		D08C18B52A87C042004242A7 /* ContentViews */ = {
			isa = PBXGroup;
			children = (
				D08C18A92A83A463004242A7 /* ManView.swift */,
				D08C18B32A84E733004242A7 /* AuthenticationView.swift */,
				D08C18B12A84DCA9004242A7 /* OnboardView.swift */,
				D08C18AD2A8417D7004242A7 /* WaterView.swift */,
				D08C18AB2A8413D0004242A7 /* StepView.swift */,
				D03EE3AD2A96B4BE00B25257 /* TodaysDetailsView.swift */,
			);
			path = ContentViews;
			sourceTree = "<group>";
		};
		D08C18B62A87C06A004242A7 /* ContentModels */ = {
			isa = PBXGroup;
			children = (
				D08C18AF2A84DB93004242A7 /* OnboardingModel.swift */,
				D0F017E82A8E521200982AC6 /* BioAuthView.swift */,
				D0F017EA2A8E537500982AC6 /* BioAuthManager.swift */,
			);
			path = ContentModels;
			sourceTree = "<group>";
		};
		D09B23C02A8D0FDE0034ED51 /* HealthKit */ = {
			isa = PBXGroup;
			children = (
			);
			path = HealthKit;
			sourceTree = "<group>";
		};
		D0F518722AA48B0D008E5D14 /* Models */ = {
			isa = PBXGroup;
			children = (
				D0F5186E2AA4854A008E5D14 /* User.swift */,
				D0F017DC2A8D5E7F00982AC6 /* HealthActivity.swift */,
				D03EE3A92A962B5200B25257 /* CarloriesModel.swift */,
				D03EE3A72A962B1600B25257 /* StepsModel.swift */,
				D07378F22AA2A74400D51C8B /* WaterModel.swift */,
			);
			path = Models;
			sourceTree = "<group>";
		};
/* End PBXGroup section */

/* Begin PBXNativeTarget section */
		D07E93B32A7B0C8B00102BF6 /* Hydrate */ = {
			isa = PBXNativeTarget;
			buildConfigurationList = D07E93C22A7B0C9100102BF6 /* Build configuration list for PBXNativeTarget "Hydrate" */;
			buildPhases = (
				D07E93B02A7B0C8B00102BF6 /* Sources */,
				D07E93B12A7B0C8B00102BF6 /* Frameworks */,
				D07E93B22A7B0C8B00102BF6 /* Resources */,
			);
			buildRules = (
			);
			dependencies = (
			);
			name = Hydrate;
			packageProductDependencies = (
				D0F017E12A8E22B800982AC6 /* FirebaseAuth */,
				D0F017E32A8E22B800982AC6 /* FirebaseFirestore */,
				D0F017E52A8E22B800982AC6 /* FirebaseFirestoreSwift */,
			);
			productName = Hydrate;
			productReference = D07E93B42A7B0C8B00102BF6 /* Hydrate.app */;
			productType = "com.apple.product-type.application";
		};
/* End PBXNativeTarget section */

/* Begin PBXProject section */
		D07E93AC2A7B0C8B00102BF6 /* Project object */ = {
			isa = PBXProject;
			attributes = {
				BuildIndependentTargetsInParallel = 1;
				LastSwiftUpdateCheck = 1430;
				LastUpgradeCheck = 1430;
				TargetAttributes = {
					D07E93B32A7B0C8B00102BF6 = {
						CreatedOnToolsVersion = 14.3;
					};
				};
			};
			buildConfigurationList = D07E93AF2A7B0C8B00102BF6 /* Build configuration list for PBXProject "Hydrate" */;
			compatibilityVersion = "Xcode 14.0";
			developmentRegion = en;
			hasScannedForEncodings = 0;
			knownRegions = (
				en,
				Base,
			);
			mainGroup = D07E93AB2A7B0C8B00102BF6;
			packageReferences = (
				D0F017E02A8E22B800982AC6 /* XCRemoteSwiftPackageReference "firebase-ios-sdk" */,
			);
			productRefGroup = D07E93B52A7B0C8B00102BF6 /* Products */;
			projectDirPath = "";
			projectRoot = "";
			targets = (
				D07E93B32A7B0C8B00102BF6 /* Hydrate */,
			);
		};
/* End PBXProject section */

/* Begin PBXResourcesBuildPhase section */
		D07E93B22A7B0C8B00102BF6 /* Resources */ = {
			isa = PBXResourcesBuildPhase;
			buildActionMask = 2147483647;
			files = (
				D07E93BF2A7B0C9100102BF6 /* Preview Assets.xcassets in Resources */,
				D07E93BC2A7B0C9100102BF6 /* Assets.xcassets in Resources */,
				D0F017DF2A8E211800982AC6 /* GoogleService-Info.plist in Resources */,
			);
			runOnlyForDeploymentPostprocessing = 0;
		};
/* End PBXResourcesBuildPhase section */

/* Begin PBXSourcesBuildPhase section */
		D07E93B02A7B0C8B00102BF6 /* Sources */ = {
			isa = PBXSourcesBuildPhase;
			buildActionMask = 2147483647;
			files = (
				D07E93BA2A7B0C8B00102BF6 /* ContentView.swift in Sources */,
				D0F518712AA486B4008E5D14 /* UserViewModel.swift in Sources */,
				D07E93B82A7B0C8B00102BF6 /* HydrateApp.swift in Sources */,
				D07378F32AA2A74400D51C8B /* WaterModel.swift in Sources */,
				D0F017DD2A8D5E7F00982AC6 /* HealthActivity.swift in Sources */,
				D03EE3A82A962B1600B25257 /* StepsModel.swift in Sources */,
				D03EE3AA2A962B5200B25257 /* CarloriesModel.swift in Sources */,
				D09B23C22A8D10610034ED51 /* HealthKit.swift in Sources */,
				D07E93C62A7B0CD100102BF6 /* SplashScreenView.swift in Sources */,
				D08C18AC2A8413D0004242A7 /* StepView.swift in Sources */,
				D08C18B22A84DCA9004242A7 /* OnboardView.swift in Sources */,
				D0F5186B2AA3E233008E5D14 /* ViewModel.swift in Sources */,
				D08C18B42A84E734004242A7 /* AuthenticationView.swift in Sources */,
				D03EE3AC2A962B7700B25257 /* CaloriesViewModel.swift in Sources */,
				D08C18B02A84DB94004242A7 /* OnboardingModel.swift in Sources */,
				D08C18AE2A8417D7004242A7 /* WaterView.swift in Sources */,
				D0F5186F2AA4854A008E5D14 /* User.swift in Sources */,
				D03EE3AE2A96B4BE00B25257 /* TodaysDetailsView.swift in Sources */,
				D00F45DE2A95027E006E99C4 /* StepsViewModel.swift in Sources */,
				D0F017EB2A8E537500982AC6 /* BioAuthManager.swift in Sources */,
				D0F518742AA4994C008E5D14 /* AuthModel.swift in Sources */,
				D08C18AA2A83A463004242A7 /* ManView.swift in Sources */,
				D0F017E92A8E521200982AC6 /* BioAuthView.swift in Sources */,
			);
			runOnlyForDeploymentPostprocessing = 0;
		};
/* End PBXSourcesBuildPhase section */

/* Begin XCBuildConfiguration section */
		D07E93C02A7B0C9100102BF6 /* Debug */ = {
			isa = XCBuildConfiguration;
			buildSettings = {
				ALWAYS_SEARCH_USER_PATHS = NO;
				CLANG_ANALYZER_NONNULL = YES;
				CLANG_ANALYZER_NUMBER_OBJECT_CONVERSION = YES_AGGRESSIVE;
				CLANG_CXX_LANGUAGE_STANDARD = "gnu++20";
				CLANG_ENABLE_MODULES = YES;
				CLANG_ENABLE_OBJC_ARC = YES;
				CLANG_ENABLE_OBJC_WEAK = YES;
				CLANG_WARN_BLOCK_CAPTURE_AUTORELEASING = YES;
				CLANG_WARN_BOOL_CONVERSION = YES;
				CLANG_WARN_COMMA = YES;
				CLANG_WARN_CONSTANT_CONVERSION = YES;
				CLANG_WARN_DEPRECATED_OBJC_IMPLEMENTATIONS = YES;
				CLANG_WARN_DIRECT_OBJC_ISA_USAGE = YES_ERROR;
				CLANG_WARN_DOCUMENTATION_COMMENTS = YES;
				CLANG_WARN_EMPTY_BODY = YES;
				CLANG_WARN_ENUM_CONVERSION = YES;
				CLANG_WARN_INFINITE_RECURSION = YES;
				CLANG_WARN_INT_CONVERSION = YES;
				CLANG_WARN_NON_LITERAL_NULL_CONVERSION = YES;
				CLANG_WARN_OBJC_IMPLICIT_RETAIN_SELF = YES;
				CLANG_WARN_OBJC_LITERAL_CONVERSION = YES;
				CLANG_WARN_OBJC_ROOT_CLASS = YES_ERROR;
				CLANG_WARN_QUOTED_INCLUDE_IN_FRAMEWORK_HEADER = YES;
				CLANG_WARN_RANGE_LOOP_ANALYSIS = YES;
				CLANG_WARN_STRICT_PROTOTYPES = YES;
				CLANG_WARN_SUSPICIOUS_MOVE = YES;
				CLANG_WARN_UNGUARDED_AVAILABILITY = YES_AGGRESSIVE;
				CLANG_WARN_UNREACHABLE_CODE = YES;
				CLANG_WARN__DUPLICATE_METHOD_MATCH = YES;
				COPY_PHASE_STRIP = NO;
				DEBUG_INFORMATION_FORMAT = dwarf;
				ENABLE_STRICT_OBJC_MSGSEND = YES;
				ENABLE_TESTABILITY = YES;
				GCC_C_LANGUAGE_STANDARD = gnu11;
				GCC_DYNAMIC_NO_PIC = NO;
				GCC_NO_COMMON_BLOCKS = YES;
				GCC_OPTIMIZATION_LEVEL = 0;
				GCC_PREPROCESSOR_DEFINITIONS = (
					"DEBUG=1",
					"$(inherited)",
				);
				GCC_WARN_64_TO_32_BIT_CONVERSION = YES;
				GCC_WARN_ABOUT_RETURN_TYPE = YES_ERROR;
				GCC_WARN_UNDECLARED_SELECTOR = YES;
				GCC_WARN_UNINITIALIZED_AUTOS = YES_AGGRESSIVE;
				GCC_WARN_UNUSED_FUNCTION = YES;
				GCC_WARN_UNUSED_VARIABLE = YES;
				IPHONEOS_DEPLOYMENT_TARGET = 16.4;
				MTL_ENABLE_DEBUG_INFO = INCLUDE_SOURCE;
				MTL_FAST_MATH = YES;
				ONLY_ACTIVE_ARCH = YES;
				SDKROOT = iphoneos;
				SWIFT_ACTIVE_COMPILATION_CONDITIONS = DEBUG;
				SWIFT_OPTIMIZATION_LEVEL = "-Onone";
			};
			name = Debug;
		};
		D07E93C12A7B0C9100102BF6 /* Release */ = {
			isa = XCBuildConfiguration;
			buildSettings = {
				ALWAYS_SEARCH_USER_PATHS = NO;
				CLANG_ANALYZER_NONNULL = YES;
				CLANG_ANALYZER_NUMBER_OBJECT_CONVERSION = YES_AGGRESSIVE;
				CLANG_CXX_LANGUAGE_STANDARD = "gnu++20";
				CLANG_ENABLE_MODULES = YES;
				CLANG_ENABLE_OBJC_ARC = YES;
				CLANG_ENABLE_OBJC_WEAK = YES;
				CLANG_WARN_BLOCK_CAPTURE_AUTORELEASING = YES;
				CLANG_WARN_BOOL_CONVERSION = YES;
				CLANG_WARN_COMMA = YES;
				CLANG_WARN_CONSTANT_CONVERSION = YES;
				CLANG_WARN_DEPRECATED_OBJC_IMPLEMENTATIONS = YES;
				CLANG_WARN_DIRECT_OBJC_ISA_USAGE = YES_ERROR;
				CLANG_WARN_DOCUMENTATION_COMMENTS = YES;
				CLANG_WARN_EMPTY_BODY = YES;
				CLANG_WARN_ENUM_CONVERSION = YES;
				CLANG_WARN_INFINITE_RECURSION = YES;
				CLANG_WARN_INT_CONVERSION = YES;
				CLANG_WARN_NON_LITERAL_NULL_CONVERSION = YES;
				CLANG_WARN_OBJC_IMPLICIT_RETAIN_SELF = YES;
				CLANG_WARN_OBJC_LITERAL_CONVERSION = YES;
				CLANG_WARN_OBJC_ROOT_CLASS = YES_ERROR;
				CLANG_WARN_QUOTED_INCLUDE_IN_FRAMEWORK_HEADER = YES;
				CLANG_WARN_RANGE_LOOP_ANALYSIS = YES;
				CLANG_WARN_STRICT_PROTOTYPES = YES;
				CLANG_WARN_SUSPICIOUS_MOVE = YES;
				CLANG_WARN_UNGUARDED_AVAILABILITY = YES_AGGRESSIVE;
				CLANG_WARN_UNREACHABLE_CODE = YES;
				CLANG_WARN__DUPLICATE_METHOD_MATCH = YES;
				COPY_PHASE_STRIP = NO;
				DEBUG_INFORMATION_FORMAT = "dwarf-with-dsym";
				ENABLE_NS_ASSERTIONS = NO;
				ENABLE_STRICT_OBJC_MSGSEND = YES;
				GCC_C_LANGUAGE_STANDARD = gnu11;
				GCC_NO_COMMON_BLOCKS = YES;
				GCC_WARN_64_TO_32_BIT_CONVERSION = YES;
				GCC_WARN_ABOUT_RETURN_TYPE = YES_ERROR;
				GCC_WARN_UNDECLARED_SELECTOR = YES;
				GCC_WARN_UNINITIALIZED_AUTOS = YES_AGGRESSIVE;
				GCC_WARN_UNUSED_FUNCTION = YES;
				GCC_WARN_UNUSED_VARIABLE = YES;
				IPHONEOS_DEPLOYMENT_TARGET = 16.4;
				MTL_ENABLE_DEBUG_INFO = NO;
				MTL_FAST_MATH = YES;
				SDKROOT = iphoneos;
				SWIFT_COMPILATION_MODE = wholemodule;
				SWIFT_OPTIMIZATION_LEVEL = "-O";
				VALIDATE_PRODUCT = YES;
			};
			name = Release;
		};
		D07E93C32A7B0C9100102BF6 /* Debug */ = {
			isa = XCBuildConfiguration;
			buildSettings = {
				ASSETCATALOG_COMPILER_APPICON_NAME = AppIcon;
				ASSETCATALOG_COMPILER_GLOBAL_ACCENT_COLOR_NAME = AccentColor;
				CODE_SIGN_ENTITLEMENTS = Hydrate/Hydrate.entitlements;
				CODE_SIGN_STYLE = Automatic;
				CURRENT_PROJECT_VERSION = 1;
				DEVELOPMENT_ASSET_PATHS = "\"Hydrate/Preview Content\"";
				ENABLE_PREVIEWS = YES;
				GENERATE_INFOPLIST_FILE = YES;
				INFOPLIST_KEY_NSFaceIDUsageDescription = "Please use FaceID to keep your data safe";
				INFOPLIST_KEY_NSHealthShareUsageDescription = "Please allow us to access your health info to start using our application";
				INFOPLIST_KEY_UIApplicationSceneManifest_Generation = YES;
				INFOPLIST_KEY_UIApplicationSupportsIndirectInputEvents = YES;
				INFOPLIST_KEY_UILaunchScreen_Generation = YES;
				INFOPLIST_KEY_UIRequiresFullScreen = NO;
				INFOPLIST_KEY_UIStatusBarStyle = "";
				INFOPLIST_KEY_UISupportedInterfaceOrientations_iPad = "UIInterfaceOrientationPortrait UIInterfaceOrientationPortraitUpsideDown UIInterfaceOrientationLandscapeLeft UIInterfaceOrientationLandscapeRight";
				INFOPLIST_KEY_UISupportedInterfaceOrientations_iPhone = "UIInterfaceOrientationPortrait UIInterfaceOrientationLandscapeLeft UIInterfaceOrientationLandscapeRight";
				IPHONEOS_DEPLOYMENT_TARGET = 16.4;
				LD_RUNPATH_SEARCH_PATHS = (
					"$(inherited)",
					"@executable_path/Frameworks",
				);
				MARKETING_VERSION = 1.0;
				OTHER_LIBTOOLFLAGS = "";
				PRODUCT_BUNDLE_IDENTIFIER = Justin.Hydrate;
				PRODUCT_NAME = "$(TARGET_NAME)";
				SWIFT_EMIT_LOC_STRINGS = YES;
				SWIFT_VERSION = 5.0;
				TARGETED_DEVICE_FAMILY = "1,2";
			};
			name = Debug;
		};
		D07E93C42A7B0C9100102BF6 /* Release */ = {
			isa = XCBuildConfiguration;
			buildSettings = {
				ASSETCATALOG_COMPILER_APPICON_NAME = AppIcon;
				ASSETCATALOG_COMPILER_GLOBAL_ACCENT_COLOR_NAME = AccentColor;
				CODE_SIGN_ENTITLEMENTS = Hydrate/Hydrate.entitlements;
				CODE_SIGN_STYLE = Automatic;
				CURRENT_PROJECT_VERSION = 1;
				DEVELOPMENT_ASSET_PATHS = "\"Hydrate/Preview Content\"";
				ENABLE_PREVIEWS = YES;
				GENERATE_INFOPLIST_FILE = YES;
				INFOPLIST_KEY_NSFaceIDUsageDescription = "Please use FaceID to keep your data safe";
				INFOPLIST_KEY_NSHealthShareUsageDescription = "Please allow us to access your health info to start using our application";
				INFOPLIST_KEY_UIApplicationSceneManifest_Generation = YES;
				INFOPLIST_KEY_UIApplicationSupportsIndirectInputEvents = YES;
				INFOPLIST_KEY_UILaunchScreen_Generation = YES;
				INFOPLIST_KEY_UIRequiresFullScreen = NO;
				INFOPLIST_KEY_UIStatusBarStyle = "";
				INFOPLIST_KEY_UISupportedInterfaceOrientations_iPad = "UIInterfaceOrientationPortrait UIInterfaceOrientationPortraitUpsideDown UIInterfaceOrientationLandscapeLeft UIInterfaceOrientationLandscapeRight";
				INFOPLIST_KEY_UISupportedInterfaceOrientations_iPhone = "UIInterfaceOrientationPortrait UIInterfaceOrientationLandscapeLeft UIInterfaceOrientationLandscapeRight";
				IPHONEOS_DEPLOYMENT_TARGET = 16.4;
				LD_RUNPATH_SEARCH_PATHS = (
					"$(inherited)",
					"@executable_path/Frameworks",
				);
				MARKETING_VERSION = 1.0;
				OTHER_LIBTOOLFLAGS = "";
				PRODUCT_BUNDLE_IDENTIFIER = Justin.Hydrate;
				PRODUCT_NAME = "$(TARGET_NAME)";
				SWIFT_EMIT_LOC_STRINGS = YES;
				SWIFT_VERSION = 5.0;
				TARGETED_DEVICE_FAMILY = "1,2";
			};
			name = Release;
		};
/* End XCBuildConfiguration section */

/* Begin XCConfigurationList section */
		D07E93AF2A7B0C8B00102BF6 /* Build configuration list for PBXProject "Hydrate" */ = {
			isa = XCConfigurationList;
			buildConfigurations = (
				D07E93C02A7B0C9100102BF6 /* Debug */,
				D07E93C12A7B0C9100102BF6 /* Release */,
			);
			defaultConfigurationIsVisible = 0;
			defaultConfigurationName = Release;
		};
		D07E93C22A7B0C9100102BF6 /* Build configuration list for PBXNativeTarget "Hydrate" */ = {
			isa = XCConfigurationList;
			buildConfigurations = (
				D07E93C32A7B0C9100102BF6 /* Debug */,
				D07E93C42A7B0C9100102BF6 /* Release */,
			);
			defaultConfigurationIsVisible = 0;
			defaultConfigurationName = Release;
		};
/* End XCConfigurationList section */

/* Begin XCRemoteSwiftPackageReference section */
		D0F017E02A8E22B800982AC6 /* XCRemoteSwiftPackageReference "firebase-ios-sdk" */ = {
			isa = XCRemoteSwiftPackageReference;
			repositoryURL = "https://github.com/firebase/firebase-ios-sdk";
			requirement = {
				kind = upToNextMajorVersion;
				minimumVersion = 10.0.0;
			};
		};
/* End XCRemoteSwiftPackageReference section */

/* Begin XCSwiftPackageProductDependency section */
		D0F017E12A8E22B800982AC6 /* FirebaseAuth */ = {
			isa = XCSwiftPackageProductDependency;
			package = D0F017E02A8E22B800982AC6 /* XCRemoteSwiftPackageReference "firebase-ios-sdk" */;
			productName = FirebaseAuth;
		};
		D0F017E32A8E22B800982AC6 /* FirebaseFirestore */ = {
			isa = XCSwiftPackageProductDependency;
			package = D0F017E02A8E22B800982AC6 /* XCRemoteSwiftPackageReference "firebase-ios-sdk" */;
			productName = FirebaseFirestore;
		};
		D0F017E52A8E22B800982AC6 /* FirebaseFirestoreSwift */ = {
			isa = XCSwiftPackageProductDependency;
			package = D0F017E02A8E22B800982AC6 /* XCRemoteSwiftPackageReference "firebase-ios-sdk" */;
			productName = FirebaseFirestoreSwift;
		};
/* End XCSwiftPackageProductDependency section */
	};
	rootObject = D07E93AC2A7B0C8B00102BF6 /* Project object */;
}
